
Microsoft Visual Studio Solution File, Format Version 12.00
# Visual Studio Version 17
VisualStudioVersion = 17.6.33829.357
MinimumVisualStudioVersion = 10.0.40219.1
Project("{FAE04EC0-301F-11D3-BF4B-00C04F79EFBC}") = "Speech To Text", "Speech To Text.csproj", "{43D69991-F041-4B2C-B694-F2DCBDE7FE71}"
EndProject
Global
	GlobalSection(SolutionConfigurationPlatforms) = preSolution
		Debug|Any CPU = Debug|Any CPU
		Release|Any CPU = Release|Any CPU
	EndGlobalSection
	GlobalSection(ProjectConfigurationPlatforms) = postSolution
		{43D69991-F041-4B2C-B694-F2DCBDE7FE71}.Debug|Any CPU.ActiveCfg = Debug|Any CPU
		{43D69991-F041-4B2C-B694-F2DCBDE7FE71}.Debug|Any CPU.Build.0 = Debug|Any CPU
		{43D69991-F041-4B2C-B694-F2DCBDE7FE71}.Release|Any CPU.ActiveCfg = Release|Any CPU
		{43D69991-F041-4B2C-B694-F2DCBDE7FE71}.Release|Any CPU.Build.0 = Release|Any CPU
	EndGlobalSection
	GlobalSection(SolutionProperties) = preSolution
		HideSolutionNode = FALSE
	EndGlobalSection
	GlobalSection(ExtensibilityGlobals) = postSolution
		SolutionGuid = {1A5F06AC-467D-4013-A6A4-B5E0E25F23AB}
	EndGlobalSection
EndGlobal
